
Microsoft Visual Studio Solution File, Format Version 12.00
# Visual Studio Version 16
VisualStudioVersion = 16.0.29201.188
MinimumVisualStudioVersion = 10.0.40219.1
Project("{2150E333-8FDC-42A3-9474-1A3956D46DE8}") = "Microservices", "Microservices", "{91B781D4-523E-4B8B-8E36-E796E9A9B8E8}"
EndProject
Project("{2150E333-8FDC-42A3-9474-1A3956D46DE8}") = "Domain", "Domain", "{8F9F3898-8235-4430-821C-4B64CEA5A5B6}"
EndProject
Project("{2150E333-8FDC-42A3-9474-1A3956D46DE8}") = "Infra.Bus", "Infra.Bus", "{5201005F-C724-4CB9-A115-28FF139FDC8D}"
EndProject
Project("{2150E333-8FDC-42A3-9474-1A3956D46DE8}") = "Infra.IoC", "Infra.IoC", "{DFEA7121-CDBA-406A-8922-AE6FF016BE10}"
EndProject
Project("{2150E333-8FDC-42A3-9474-1A3956D46DE8}") = "Presentation", "Presentation", "{79B96F66-44E9-41F0-B025-7170C97F1213}"
EndProject
Project("{9A19103F-16F7-4668-BE54-9A1E7A4F7556}") = "MicroRabbit.Domain.Core", "MicroRabbit.Domain.Core\MicroRabbit.Domain.Core.csproj", "{DEB10143-AD69-4832-AB21-38C6B589FD83}"
EndProject
Project("{9A19103F-16F7-4668-BE54-9A1E7A4F7556}") = "MicroRabbit.Infra.Bus", "MicroRabbit.Infra.Bus\MicroRabbit.Infra.Bus.csproj", "{92E97BC7-E743-4F19-9177-43E1594529EE}"
EndProject
Project("{9A19103F-16F7-4668-BE54-9A1E7A4F7556}") = "MicroRabbit.Infra.IoC", "MicroRabbit.Infra.IoC\MicroRabbit.Infra.IoC.csproj", "{5E8EEE81-7F73-43F2-A2DA-FE7C85B434D9}"
EndProject
Project("{2150E333-8FDC-42A3-9474-1A3956D46DE8}") = "Banking", "Banking", "{747FEFE9-9EC6-4811-A9AF-C5A4494AE072}"
EndProject
Project("{2150E333-8FDC-42A3-9474-1A3956D46DE8}") = "Api", "Api", "{599AD788-E6CE-4083-9ECE-652E787820BD}"
EndProject
Project("{2150E333-8FDC-42A3-9474-1A3956D46DE8}") = "Domain", "Domain", "{22A3A01A-A611-4161-A4DD-E3261E2A8265}"
EndProject
Project("{2150E333-8FDC-42A3-9474-1A3956D46DE8}") = "Application", "Application", "{47164692-B41C-46E9-8CD7-D37D9F5ACAAA}"
EndProject
Project("{2150E333-8FDC-42A3-9474-1A3956D46DE8}") = "Data", "Data", "{3A7EC1EA-EC25-4B5B-8B17-00CB769FFA48}"
EndProject
Project("{9A19103F-16F7-4668-BE54-9A1E7A4F7556}") = "MicroRabbit.Banking.Api", "MicroRabbit.Banking.Api\MicroRabbit.Banking.Api.csproj", "{69EC50AC-5B1E-47D3-8BD7-B9E69F0EAAA1}"
EndProject
Project("{9A19103F-16F7-4668-BE54-9A1E7A4F7556}") = "MicroRabbit.Banking.Application", "MicroRabbit.Banking.Application\MicroRabbit.Banking.Application.csproj", "{26396A8C-7D10-40E6-BC90-8449B9222DE1}"
EndProject
Project("{9A19103F-16F7-4668-BE54-9A1E7A4F7556}") = "MicroRabbit.Banking.Data", "MicroRabbit.Banking.Data\MicroRabbit.Banking.Data.csproj", "{2B246B72-7076-4953-ACF9-334D421DA174}"
EndProject
Project("{9A19103F-16F7-4668-BE54-9A1E7A4F7556}") = "MicroRabbit.Banking.Domain", "MicroRabbit.Banking.Domain\MicroRabbit.Banking.Domain.csproj", "{BD523FF1-5CF5-4861-9FDD-C59D1D371EEA}"
EndProject
Project("{2150E333-8FDC-42A3-9474-1A3956D46DE8}") = "etc", "etc", "{90FC11C3-699A-4AE1-9DCD-A255AEB646F1}"
	ProjectSection(SolutionItems) = preProject
		etc\docker-compose.yaml = etc\docker-compose.yaml
	EndProjectSection
EndProject
Project("{2150E333-8FDC-42A3-9474-1A3956D46DE8}") = "Transfer", "Transfer", "{89B0A0CF-0005-4C36-828E-92E48CE8AC36}"
EndProject
Project("{2150E333-8FDC-42A3-9474-1A3956D46DE8}") = "Api", "Api", "{B5CE3869-89B5-4137-91A2-D8298FA6B2BD}"
EndProject
Project("{2150E333-8FDC-42A3-9474-1A3956D46DE8}") = "Application", "Application", "{83F058AF-E0D6-4FB1-BF29-6C936C911505}"
EndProject
Project("{2150E333-8FDC-42A3-9474-1A3956D46DE8}") = "Data", "Data", "{DBE03DA2-7C01-430E-974B-B38F2F5ACD5F}"
EndProject
Project("{2150E333-8FDC-42A3-9474-1A3956D46DE8}") = "Domain", "Domain", "{581B91DE-D7FE-4234-AA97-E1F9DDF26B0C}"
EndProject
Project("{FAE04EC0-301F-11D3-BF4B-00C04F79EFBC}") = "MicroRabbit.Tansfer.Api", "MicroRabbit.Tansfer.Api\MicroRabbit.Tansfer.Api.csproj", "{6FF4F014-2D09-4639-A8FC-416EBE4F1740}"
EndProject
Project("{FAE04EC0-301F-11D3-BF4B-00C04F79EFBC}") = "MicroRabbit.Transfer.Application", "MicroRabbit.Transfer.Application\MicroRabbit.Transfer.Application.csproj", "{FEA0BB83-D2B0-4BD2-B175-3C80647B0180}"
EndProject
Project("{FAE04EC0-301F-11D3-BF4B-00C04F79EFBC}") = "MicroRabbit.Transfer.Domain", "MicroRabbit.Transfer.Domain\MicroRabbit.Transfer.Domain.csproj", "{485C0A6E-C1B3-4CD9-B0F6-F47D256210AC}"
EndProject
Project("{FAE04EC0-301F-11D3-BF4B-00C04F79EFBC}") = "MicroRabbit.Transfer.Data", "MicroRabbit.Transfer.Data\MicroRabbit.Transfer.Data.csproj", "{9C417151-FBE3-43D5-81EF-24E0C11BA48E}"
EndProject
Global
	GlobalSection(SolutionConfigurationPlatforms) = preSolution
		Debug|Any CPU = Debug|Any CPU
		Release|Any CPU = Release|Any CPU
	EndGlobalSection
	GlobalSection(ProjectConfigurationPlatforms) = postSolution
		{DEB10143-AD69-4832-AB21-38C6B589FD83}.Debug|Any CPU.ActiveCfg = Debug|Any CPU
		{DEB10143-AD69-4832-AB21-38C6B589FD83}.Debug|Any CPU.Build.0 = Debug|Any CPU
		{DEB10143-AD69-4832-AB21-38C6B589FD83}.Release|Any CPU.ActiveCfg = Release|Any CPU
		{DEB10143-AD69-4832-AB21-38C6B589FD83}.Release|Any CPU.Build.0 = Release|Any CPU
		{92E97BC7-E743-4F19-9177-43E1594529EE}.Debug|Any CPU.ActiveCfg = Debug|Any CPU
		{92E97BC7-E743-4F19-9177-43E1594529EE}.Debug|Any CPU.Build.0 = Debug|Any CPU
		{92E97BC7-E743-4F19-9177-43E1594529EE}.Release|Any CPU.ActiveCfg = Release|Any CPU
		{92E97BC7-E743-4F19-9177-43E1594529EE}.Release|Any CPU.Build.0 = Release|Any CPU
		{5E8EEE81-7F73-43F2-A2DA-FE7C85B434D9}.Debug|Any CPU.ActiveCfg = Debug|Any CPU
		{5E8EEE81-7F73-43F2-A2DA-FE7C85B434D9}.Debug|Any CPU.Build.0 = Debug|Any CPU
		{5E8EEE81-7F73-43F2-A2DA-FE7C85B434D9}.Release|Any CPU.ActiveCfg = Release|Any CPU
		{5E8EEE81-7F73-43F2-A2DA-FE7C85B434D9}.Release|Any CPU.Build.0 = Release|Any CPU
		{69EC50AC-5B1E-47D3-8BD7-B9E69F0EAAA1}.Debug|Any CPU.ActiveCfg = Debug|Any CPU
		{69EC50AC-5B1E-47D3-8BD7-B9E69F0EAAA1}.Debug|Any CPU.Build.0 = Debug|Any CPU
		{69EC50AC-5B1E-47D3-8BD7-B9E69F0EAAA1}.Release|Any CPU.ActiveCfg = Release|Any CPU
		{69EC50AC-5B1E-47D3-8BD7-B9E69F0EAAA1}.Release|Any CPU.Build.0 = Release|Any CPU
		{26396A8C-7D10-40E6-BC90-8449B9222DE1}.Debug|Any CPU.ActiveCfg = Debug|Any CPU
		{26396A8C-7D10-40E6-BC90-8449B9222DE1}.Debug|Any CPU.Build.0 = Debug|Any CPU
		{26396A8C-7D10-40E6-BC90-8449B9222DE1}.Release|Any CPU.ActiveCfg = Release|Any CPU
		{26396A8C-7D10-40E6-BC90-8449B9222DE1}.Release|Any CPU.Build.0 = Release|Any CPU
		{2B246B72-7076-4953-ACF9-334D421DA174}.Debug|Any CPU.ActiveCfg = Debug|Any CPU
		{2B246B72-7076-4953-ACF9-334D421DA174}.Debug|Any CPU.Build.0 = Debug|Any CPU
		{2B246B72-7076-4953-ACF9-334D421DA174}.Release|Any CPU.ActiveCfg = Release|Any CPU
		{2B246B72-7076-4953-ACF9-334D421DA174}.Release|Any CPU.Build.0 = Release|Any CPU
		{BD523FF1-5CF5-4861-9FDD-C59D1D371EEA}.Debug|Any CPU.ActiveCfg = Debug|Any CPU
		{BD523FF1-5CF5-4861-9FDD-C59D1D371EEA}.Debug|Any CPU.Build.0 = Debug|Any CPU
		{BD523FF1-5CF5-4861-9FDD-C59D1D371EEA}.Release|Any CPU.ActiveCfg = Release|Any CPU
		{BD523FF1-5CF5-4861-9FDD-C59D1D371EEA}.Release|Any CPU.Build.0 = Release|Any CPU
		{6FF4F014-2D09-4639-A8FC-416EBE4F1740}.Debug|Any CPU.ActiveCfg = Debug|Any CPU
		{6FF4F014-2D09-4639-A8FC-416EBE4F1740}.Debug|Any CPU.Build.0 = Debug|Any CPU
		{6FF4F014-2D09-4639-A8FC-416EBE4F1740}.Release|Any CPU.ActiveCfg = Release|Any CPU
		{6FF4F014-2D09-4639-A8FC-416EBE4F1740}.Release|Any CPU.Build.0 = Release|Any CPU
		{FEA0BB83-D2B0-4BD2-B175-3C80647B0180}.Debug|Any CPU.ActiveCfg = Debug|Any CPU
		{FEA0BB83-D2B0-4BD2-B175-3C80647B0180}.Debug|Any CPU.Build.0 = Debug|Any CPU
		{FEA0BB83-D2B0-4BD2-B175-3C80647B0180}.Release|Any CPU.ActiveCfg = Release|Any CPU
		{FEA0BB83-D2B0-4BD2-B175-3C80647B0180}.Release|Any CPU.Build.0 = Release|Any CPU
		{485C0A6E-C1B3-4CD9-B0F6-F47D256210AC}.Debug|Any CPU.ActiveCfg = Debug|Any CPU
		{485C0A6E-C1B3-4CD9-B0F6-F47D256210AC}.Debug|Any CPU.Build.0 = Debug|Any CPU
		{485C0A6E-C1B3-4CD9-B0F6-F47D256210AC}.Release|Any CPU.ActiveCfg = Release|Any CPU
		{485C0A6E-C1B3-4CD9-B0F6-F47D256210AC}.Release|Any CPU.Build.0 = Release|Any CPU
		{9C417151-FBE3-43D5-81EF-24E0C11BA48E}.Debug|Any CPU.ActiveCfg = Debug|Any CPU
		{9C417151-FBE3-43D5-81EF-24E0C11BA48E}.Debug|Any CPU.Build.0 = Debug|Any CPU
		{9C417151-FBE3-43D5-81EF-24E0C11BA48E}.Release|Any CPU.ActiveCfg = Release|Any CPU
		{9C417151-FBE3-43D5-81EF-24E0C11BA48E}.Release|Any CPU.Build.0 = Release|Any CPU
	EndGlobalSection
	GlobalSection(SolutionProperties) = preSolution
		HideSolutionNode = FALSE
	EndGlobalSection
	GlobalSection(NestedProjects) = preSolution
		{DEB10143-AD69-4832-AB21-38C6B589FD83} = {8F9F3898-8235-4430-821C-4B64CEA5A5B6}
		{92E97BC7-E743-4F19-9177-43E1594529EE} = {5201005F-C724-4CB9-A115-28FF139FDC8D}
		{5E8EEE81-7F73-43F2-A2DA-FE7C85B434D9} = {DFEA7121-CDBA-406A-8922-AE6FF016BE10}
		{747FEFE9-9EC6-4811-A9AF-C5A4494AE072} = {91B781D4-523E-4B8B-8E36-E796E9A9B8E8}
		{599AD788-E6CE-4083-9ECE-652E787820BD} = {747FEFE9-9EC6-4811-A9AF-C5A4494AE072}
		{22A3A01A-A611-4161-A4DD-E3261E2A8265} = {747FEFE9-9EC6-4811-A9AF-C5A4494AE072}
		{47164692-B41C-46E9-8CD7-D37D9F5ACAAA} = {747FEFE9-9EC6-4811-A9AF-C5A4494AE072}
		{3A7EC1EA-EC25-4B5B-8B17-00CB769FFA48} = {747FEFE9-9EC6-4811-A9AF-C5A4494AE072}
		{69EC50AC-5B1E-47D3-8BD7-B9E69F0EAAA1} = {599AD788-E6CE-4083-9ECE-652E787820BD}
		{26396A8C-7D10-40E6-BC90-8449B9222DE1} = {47164692-B41C-46E9-8CD7-D37D9F5ACAAA}
		{2B246B72-7076-4953-ACF9-334D421DA174} = {3A7EC1EA-EC25-4B5B-8B17-00CB769FFA48}
		{BD523FF1-5CF5-4861-9FDD-C59D1D371EEA} = {22A3A01A-A611-4161-A4DD-E3261E2A8265}
		{89B0A0CF-0005-4C36-828E-92E48CE8AC36} = {91B781D4-523E-4B8B-8E36-E796E9A9B8E8}
		{B5CE3869-89B5-4137-91A2-D8298FA6B2BD} = {89B0A0CF-0005-4C36-828E-92E48CE8AC36}
		{83F058AF-E0D6-4FB1-BF29-6C936C911505} = {89B0A0CF-0005-4C36-828E-92E48CE8AC36}
		{DBE03DA2-7C01-430E-974B-B38F2F5ACD5F} = {89B0A0CF-0005-4C36-828E-92E48CE8AC36}
		{581B91DE-D7FE-4234-AA97-E1F9DDF26B0C} = {89B0A0CF-0005-4C36-828E-92E48CE8AC36}
		{6FF4F014-2D09-4639-A8FC-416EBE4F1740} = {B5CE3869-89B5-4137-91A2-D8298FA6B2BD}
		{FEA0BB83-D2B0-4BD2-B175-3C80647B0180} = {83F058AF-E0D6-4FB1-BF29-6C936C911505}
		{485C0A6E-C1B3-4CD9-B0F6-F47D256210AC} = {581B91DE-D7FE-4234-AA97-E1F9DDF26B0C}
		{9C417151-FBE3-43D5-81EF-24E0C11BA48E} = {DBE03DA2-7C01-430E-974B-B38F2F5ACD5F}
	EndGlobalSection
	GlobalSection(ExtensibilityGlobals) = postSolution
		SolutionGuid = {FD16D08E-4F10-4856-82F8-03B05A5C30AC}
	EndGlobalSection
EndGlobal
